
Microsoft Visual Studio Solution File, Format Version 12.00
Project("{FAE04EC0-301F-11D3-BF4B-00C04F79EFBC}") = "APR400-PrimeNumbers", "APR400-PrimeNumbers\APR400-PrimeNumbers.csproj", "{FAE69617-B96E-4CF9-B6AD-C35E1A732545}"
EndProject
Global
	GlobalSection(SolutionConfigurationPlatforms) = preSolution
		Debug|Any CPU = Debug|Any CPU
		Release|Any CPU = Release|Any CPU
	EndGlobalSection
	GlobalSection(ProjectConfigurationPlatforms) = postSolution
		{FAE69617-B96E-4CF9-B6AD-C35E1A732545}.Debug|Any CPU.ActiveCfg = Debug|Any CPU
		{FAE69617-B96E-4CF9-B6AD-C35E1A732545}.Debug|Any CPU.Build.0 = Debug|Any CPU
		{FAE69617-B96E-4CF9-B6AD-C35E1A732545}.Release|Any CPU.ActiveCfg = Release|Any CPU
		{FAE69617-B96E-4CF9-B6AD-C35E1A732545}.Release|Any CPU.Build.0 = Release|Any CPU
	EndGlobalSection
EndGlobal
